
Microsoft Visual Studio Solution File, Format Version 12.00
# Visual Studio Version 17
VisualStudioVersion = 17.5.002.0
MinimumVisualStudioVersion = 10.0.40219.1
Project("{9A19103F-16F7-4668-BE54-9A1E7A4F7556}") = "2112oproject", "2112oproject.csproj", "{AF2478B4-951A-4CDE-B49E-77E999EDC3AD}"
EndProject
Global
	GlobalSection(SolutionConfigurationPlatforms) = preSolution
		Debug|Any CPU = Debug|Any CPU
		Release|Any CPU = Release|Any CPU
	EndGlobalSection
	GlobalSection(ProjectConfigurationPlatforms) = postSolution
		{AF2478B4-951A-4CDE-B49E-77E999EDC3AD}.Debug|Any CPU.ActiveCfg = Debug|Any CPU
		{AF2478B4-951A-4CDE-B49E-77E999EDC3AD}.Debug|Any CPU.Build.0 = Debug|Any CPU
		{AF2478B4-951A-4CDE-B49E-77E999EDC3AD}.Release|Any CPU.ActiveCfg = Release|Any CPU
		{AF2478B4-951A-4CDE-B49E-77E999EDC3AD}.Release|Any CPU.Build.0 = Release|Any CPU
	EndGlobalSection
	GlobalSection(SolutionProperties) = preSolution
		HideSolutionNode = FALSE
	EndGlobalSection
	GlobalSection(ExtensibilityGlobals) = postSolution
		SolutionGuid = {62EB434E-1AE6-4938-B8C9-B872E7C5AF83}
	EndGlobalSection
EndGlobal
